schema: '2.0'
stages:
  data_download:
    cmd: python src\data\download_data.py params.yaml
    deps:
    - path: src\data\download_data.py
      md5: c08041e308aefc17ad390d7ca0e613d6
      size: 921
    params:
      params.yaml:
        input_url_data: https://gist.githubusercontent.com/michhar/2dfd2de0d4f8727f873422c5d959fff5/raw/fa71405126017e6a37bea592440b4bee94bf7b9e/titanic.csv
        output_raw_data: data/raw/titanic_downloaded_data.csv
